{
  "name": "mod_music",
  "version": "1.0.0",
  "lockfileVersion": 3,
  "requires": true,
  "packages": {
    "": {
      "name": "mod_music",
      "version": "1.0.0",
      "license": "ISC",
      "dependencies": {
        "chiptune3": "^0.8.7",
        "itwriter": "^0.1.0"
      }
    },
    "node_modules/chiptune3": {
      "version": "0.8.7",
      "resolved": "https://registry.npmjs.org/chiptune3/-/chiptune3-0.8.7.tgz",
      "integrity": "sha512-lFK7Lk146nijMkObg1FnWClvQLq5Ih/F+sV7bA1Cqx/9zmdTmCG8YLZIm51M/HRp4a6DfI79q1m2I1peGGjiig==",
      "license": "MIT"
    },
    "node_modules/itwriter": {
      "version": "0.1.0",
      "resolved": "https://registry.npmjs.org/itwriter/-/itwriter-0.1.0.tgz",
      "integrity": "sha512-CEO60z/aKYxGh77Dds+6Rmg0P7FnK4dJW316ALrXXtNhGpUjbwq6Y+9Nbgm+5mcT/nL829CCFvRWtpXrhj3f8Q==",
      "license": "MIT"
    }
  }
}
